NeoBundleLock Command-T 8df5676d30bac725db6c9f86fb1c997f65eaa2fb
NeoBundleLock GoldenView.Vim ac0ee3014caa36c52e8352d11c308b27a159113c
NeoBundleLock L9 c822b05ee0886f9a9703227dc85a6d47612c4bf1
NeoBundleLock Unite.vim 84624872acbd3158621858b00ce79dd9e08e88d1
NeoBundleLock VimBookmarking bc85716ab846a4fcb4aae075479c39acf6119700
NeoBundleLock Vundle.vim fcc204205e3305c4f86f07e09cd756c7d06f0f00
NeoBundleLock YouCompleteMe ad41dfb8af5a70dfca349077c8b04911c601568f
NeoBundleLock auto-pairs f0019fc6423e7ce7bbd01d196a7e027077687fda
NeoBundleLock browser.vim 1e1bb529d8ac3616faa54836c47694e3a56b82e2
NeoBundleLock ctrlp.vim bde7a2950adaa82e894d7bdf69e3e7383e40d229
NeoBundleLock ctrlsf.vim eac33f38b35b9e93d20bb0e34402c0b9e7dcf3d3
NeoBundleLock dbg.vim 217c968ad6c7b44a7ee62ee1f0b306903e1f91a4
NeoBundleLock delimitMate 728b57a6564c1d2bdfb9b9e0f2f8c5ba3d7e0c5c
NeoBundleLock emmet-vim 350f0ba10b9ee65837fc5b04a993b14a7a10e5ac
NeoBundleLock fonts a44abd0e742ad6e7fd8d8bc4c3cad5155c9f3a92
NeoBundleLock gdbmgr c8d2fdccbad38d8894e052f3e1c8c201bdc50716
NeoBundleLock ghci-vim 1635111389a11bace9751f8386ad8931a023e42b
NeoBundleLock ghcmod-vim 1d192d13d68ab59f9f46497a0909bf24a7b7dfff
NeoBundleLock gmail.vim f32dbde4b64f93260c323a7489c6a808cc914343
NeoBundleLock gundo.vim 46c443ee9d5854320eb965a1fdee781ba83a070e
NeoBundleLock haskellmode-vim cd852bdaa85f52854782434926a6e752f6a61c89
NeoBundleLock linepower.vim 4ecd032c65dddd534a8e6cf28955d64af0323075
NeoBundleLock molokai c67bdfcdb31415aa0ade7f8c003261700a885476
NeoBundleLock neco-ghc faa033c05e6a6470d3d780e3931b4c9c72042009
NeoBundleLock neobundle.vim 26d03781886ed887e390d4ad8b935987754b1c2c
NeoBundleLock neosnippet-snippets 8dbb78599984140c50418d3dd23d0de4c8f13e74
NeoBundleLock neosnippet.vim b674417b429e57eccf5a64d8ec4d2fdf1f1ec5cc
NeoBundleLock nerdtree 57788abd6fab6ec928b29a5619b8c0b1f686047e
NeoBundleLock nerdtree-execute 4e39f0174335f9fc125c5cb30641a2017c4459b2
NeoBundleLock nerdtree-git-plugin 6a9b3122cb89b3a45ec444f9787a895125aca8aa
NeoBundleLock nerdtree-plugin-collection 54676d97cab0b39471db614d455da0afa5059d32
NeoBundleLock promptline.vim bcce033792fb1d5745f42fe65b963754c5353847
NeoBundleLock python-mode ed80fdebb5eb5e0e7e404484371221633a3926f6
NeoBundleLock rainbow_parentheses.vim eb8baa5428bde10ecc1cb14eed1d6e16f5f24695
NeoBundleLock snipmate.vim 9d93a221daff424a0fd32e52eae3abf4003125cb
NeoBundleLock sparkup d400a570bf64b0c216aa7c8e1795820b911a7404
NeoBundleLock supertab 40fe711e088e2ab346738233dd5adbb1be355172
NeoBundleLock synmark.vim b31847ad608b50eaaf774854305dd0c37f892a2b
NeoBundleLock syntastic 88dd65673a8dc37a3533f1a20643b8ac00311770
NeoBundleLock tabular 00e1e7fcdbc6d753e0bc8043e0d2546fa81bf367
NeoBundleLock tagbar 387bbadda98e1376ff3871aa461b1f0abd4ece70
NeoBundleLock tcomment_vim 6f1f24840be163e85d610837567221639e268ddc
NeoBundleLock tmuxline.vim 0ba22302426ce1be0bb3951094d2d1c5e779c630
NeoBundleLock ultisnips 53bf0dbd7b3df870fba7453ff9d8c47fc1898909
NeoBundleLock undotree cdbb9022b8972d3e156b8d60af33bf795625b058
NeoBundleLock vaxe 8cb29ed8e715f63bba2f1e9fb87e71914fa7f989
NeoBundleLock vim-airline c386332570d8abf29b7f02597001dccf38fd4824
NeoBundleLock vim-bootstrap3-snippets e94dbdc13d6c6ceddbaea5c5a529af89ae901867
NeoBundleLock vim-cheat-x-in-y 066b9338345adb5e107719923b328b185529cb2f
NeoBundleLock vim-colors-solarized 528a59f26d12278698bb946f8fb82a63711eec21
NeoBundleLock vim-colorschemes 28a989b28457e38df620e4c7ab23e224aff70efe
NeoBundleLock vim-easytags 72a8753b5d0a951e547c51b13633f680a95b5483
NeoBundleLock vim-fugitive f3ccb0c12ee4985b8808f83059830a24cc92821c
NeoBundleLock vim-localvimrc 1b64ffa83785f48635b6ffebf4cb93ee6a93d252
NeoBundleLock vim-marching aaffd71a9d82573f5c05086852595905baf66673
NeoBundleLock vim-misc 3e6b8fb6f03f13434543ce1f5d24f6a5d3f34f0b
NeoBundleLock vim-multiple-cursors a97dab5bc440bf0a7b62bb2de4479963a888f4ff
NeoBundleLock vim-repl 4e9ab63e5aaea7a031390400de9bf75092da71c0
NeoBundleLock vim-reunions 42cf8386bc79849737b1b5b1b14b23b77404ec0e
NeoBundleLock vim-startify 5e476d8e00da70bc33c54a174fd8cb18ed991868
NeoBundleLock vim-surround e49d6c2459e0f5569ff2d533b4df995dd7f98313
NeoBundleLock vim-swoop cbefdb7c17ea0eab8e1a8a1183c8f73cbb7c3611
NeoBundleLock vim-tab 4a72184b79f509a2724682efd3e776110852aaab
NeoBundleLock vim-wakatime 48b4e59dcd75890eb56d7ceb2d57ff63ed17c373
NeoBundleLock vimproc.vim 3ef45992921a7280ba1cf0be5bc6154665cd4b58
NeoBundleLock vimshell 3787e52766812d8b99a93ccdda57517bc2a0bab6
NeoBundleLock vimshell.vim d0c5bef010237855b4de25863bc54895effe5d7a
NeoBundleLock vimux 37f41195e6369ac602a08ec61364906600b771f1
NeoBundleLock w3m.vim 228a852b188f1a62ecea55fa48b0ec892fa6bad7
NeoBundleLock ycm_simple_conf 487dd9fc623f9ceaf391e8643b23cb953ca2339b
